
Microsoft Visual Studio Solution File, Format Version 12.00
# Visual Studio 14
VisualStudioVersion = 14.0.25420.1
MinimumVisualStudioVersion = 10.0.40219.1
Project("{FAE04EC0-301F-11D3-BF4B-00C04F79EFBC}") = "DataMidLayer", "DataMidLayer\DataMidLayer.csproj", "{85D273AB-8F12-422A-9F19-C7D244AA6DDA}"
EndProject
Project("{FAE04EC0-301F-11D3-BF4B-00C04F79EFBC}") = "DataToSiteWhere", "..\..\..\Desktop\Test1215\ForwardToSiteWhere\DataToSiteWhere\DataToSiteWhere.csproj", "{3AEE06FD-59DD-4AAE-8595-6BF820C1E2A3}"
EndProject
Global
	GlobalSection(SolutionConfigurationPlatforms) = preSolution
		Debug|Any CPU = Debug|Any CPU
		Release|Any CPU = Release|Any CPU
	EndGlobalSection
	GlobalSection(ProjectConfigurationPlatforms) = postSolution
		{85D273AB-8F12-422A-9F19-C7D244AA6DDA}.Debug|Any CPU.ActiveCfg = Debug|Any CPU
		{85D273AB-8F12-422A-9F19-C7D244AA6DDA}.Debug|Any CPU.Build.0 = Debug|Any CPU
		{85D273AB-8F12-422A-9F19-C7D244AA6DDA}.Release|Any CPU.ActiveCfg = Release|Any CPU
		{85D273AB-8F12-422A-9F19-C7D244AA6DDA}.Release|Any CPU.Build.0 = Release|Any CPU
		{3AEE06FD-59DD-4AAE-8595-6BF820C1E2A3}.Debug|Any CPU.ActiveCfg = Debug|Any CPU
		{3AEE06FD-59DD-4AAE-8595-6BF820C1E2A3}.Debug|Any CPU.Build.0 = Debug|Any CPU
		{3AEE06FD-59DD-4AAE-8595-6BF820C1E2A3}.Release|Any CPU.ActiveCfg = Release|Any CPU
		{3AEE06FD-59DD-4AAE-8595-6BF820C1E2A3}.Release|Any CPU.Build.0 = Release|Any CPU
	EndGlobalSection
	GlobalSection(SolutionProperties) = preSolution
		HideSolutionNode = FALSE
	EndGlobalSection
EndGlobal
